
Microsoft Visual Studio Solution File, Format Version 12.00
# Visual Studio Version 16
VisualStudioVersion = 16.0.29519.87
MinimumVisualStudioVersion = 10.0.40219.1
Project("{FAE04EC0-301F-11D3-BF4B-00C04F79EFBC}") = "Autoclient", "Autoclient.csproj", "{A1665FAD-C2C7-4737-8BA5-BF34AAA7657B}"
EndProject
Global
	GlobalSection(SolutionConfigurationPlatforms) = preSolution
		Debug|Any CPU = Debug|Any CPU
		Release|Any CPU = Release|Any CPU
	EndGlobalSection
	GlobalSection(ProjectConfigurationPlatforms) = postSolution
		{A1665FAD-C2C7-4737-8BA5-BF34AAA7657B}.Debug|Any CPU.ActiveCfg = Debug|Any CPU
		{A1665FAD-C2C7-4737-8BA5-BF34AAA7657B}.Debug|Any CPU.Build.0 = Debug|Any CPU
		{A1665FAD-C2C7-4737-8BA5-BF34AAA7657B}.Release|Any CPU.ActiveCfg = Release|Any CPU
		{A1665FAD-C2C7-4737-8BA5-BF34AAA7657B}.Release|Any CPU.Build.0 = Release|Any CPU
	EndGlobalSection
	GlobalSection(SolutionProperties) = preSolution
		HideSolutionNode = FALSE
	EndGlobalSection
	GlobalSection(ExtensibilityGlobals) = postSolution
		SolutionGuid = {BBDF876A-9327-48D1-8FB8-3324CA68BD5C}
	EndGlobalSection
EndGlobal
